
Microsoft Visual Studio Solution File, Format Version 11.00
# Visual Studio 2010
Project("{FAE04EC0-301F-11D3-BF4B-00C04F79EFBC}") = "Assembly-CSharp", "Assembly-CSharp.csproj", "{8A403B6E-7256-83DC-3398-16378C4504CE}"
EndProject
Project("{FAE04EC0-301F-11D3-BF4B-00C04F79EFBC}") = "Luban.Runtime", "Luban.Runtime.csproj", "{3CBC64C3-BFFA-78B0-0A2B-EC89258898D1}"
EndProject
Project("{FAE04EC0-301F-11D3-BF4B-00C04F79EFBC}") = "Luban.Editor", "Luban.Editor.csproj", "{4223EB34-679C-E13D-92EA-2A8C1324E296}"
EndProject
Global
	GlobalSection(SolutionConfigurationPlatforms) = preSolution
		Debug|Any CPU = Debug|Any CPU
		Release|Any CPU = Release|Any CPU
	EndGlobalSection
	GlobalSection(ProjectConfigurationPlatforms) = postSolution
		{8A403B6E-7256-83DC-3398-16378C4504CE}.Debug|Any CPU.ActiveCfg = Debug|Any CPU
		{8A403B6E-7256-83DC-3398-16378C4504CE}.Debug|Any CPU.Build.0 = Debug|Any CPU
		{8A403B6E-7256-83DC-3398-16378C4504CE}.Release|Any CPU.ActiveCfg = Release|Any CPU
		{8A403B6E-7256-83DC-3398-16378C4504CE}.Release|Any CPU.Build.0 = Release|Any CPU
		{3CBC64C3-BFFA-78B0-0A2B-EC89258898D1}.Debug|Any CPU.ActiveCfg = Debug|Any CPU
		{3CBC64C3-BFFA-78B0-0A2B-EC89258898D1}.Debug|Any CPU.Build.0 = Debug|Any CPU
		{3CBC64C3-BFFA-78B0-0A2B-EC89258898D1}.Release|Any CPU.ActiveCfg = Release|Any CPU
		{3CBC64C3-BFFA-78B0-0A2B-EC89258898D1}.Release|Any CPU.Build.0 = Release|Any CPU
		{4223EB34-679C-E13D-92EA-2A8C1324E296}.Debug|Any CPU.ActiveCfg = Debug|Any CPU
		{4223EB34-679C-E13D-92EA-2A8C1324E296}.Debug|Any CPU.Build.0 = Debug|Any CPU
		{4223EB34-679C-E13D-92EA-2A8C1324E296}.Release|Any CPU.ActiveCfg = Release|Any CPU
		{4223EB34-679C-E13D-92EA-2A8C1324E296}.Release|Any CPU.Build.0 = Release|Any CPU
	EndGlobalSection
	GlobalSection(SolutionProperties) = preSolution
		HideSolutionNode = FALSE
	EndGlobalSection
EndGlobal
