
Microsoft Visual Studio Solution File, Format Version 12.00
# Visual Studio 15
Project("{FAE04EC0-301F-11D3-BF4B-00C04F79EFBC}") = "UnityEngine.TestRunner", "UnityEngine.TestRunner.csproj", "{CDD0AD25-8B30-03E4-7D20-CC1128C1BCF1}"
EndProject
Project("{FAE04EC0-301F-11D3-BF4B-00C04F79EFBC}") = "Unity.Mathematics", "Unity.Mathematics.csproj", "{4C494651-9B50-B39E-B4B7-CB9FBA9F49EB}"
EndProject
Project("{FAE04EC0-301F-11D3-BF4B-00C04F79EFBC}") = "Unity.Timeline", "Unity.Timeline.csproj", "{9BB6C8D6-35CF-AA93-F769-6736E2A42A9B}"
EndProject
Project("{FAE04EC0-301F-11D3-BF4B-00C04F79EFBC}") = "UnityEngine.UI", "UnityEngine.UI.csproj", "{42BC6AFB-06D1-C6D3-08EC-37BB27ECEF28}"
EndProject
Project("{FAE04EC0-301F-11D3-BF4B-00C04F79EFBC}") = "Unity.TextMeshPro", "Unity.TextMeshPro.csproj", "{368E37B6-D33F-7A3C-924B-0E530CA8D2B8}"
EndProject
Project("{FAE04EC0-301F-11D3-BF4B-00C04F79EFBC}") = "Unity.2D.Animation.Runtime", "Unity.2D.Animation.Runtime.csproj", "{D2ED50B2-2AE4-03B9-8363-651ABFF9A0C8}"
EndProject
Project("{FAE04EC0-301F-11D3-BF4B-00C04F79EFBC}") = "Assembly-CSharp", "Assembly-CSharp.csproj", "{8A403B6E-7256-83DC-3398-16378C4504CE}"
EndProject
Project("{FAE04EC0-301F-11D3-BF4B-00C04F79EFBC}") = "Unity.2D.IK.Runtime", "Unity.2D.IK.Runtime.csproj", "{6CE2627D-1012-053C-B6DF-EA40EB6CBF13}"
EndProject
Project("{FAE04EC0-301F-11D3-BF4B-00C04F79EFBC}") = "Unity.2D.SpriteShape.Runtime", "Unity.2D.SpriteShape.Runtime.csproj", "{B60D6376-9E06-D827-E562-954D0F955DCB}"
EndProject
Project("{FAE04EC0-301F-11D3-BF4B-00C04F79EFBC}") = "Unity.2D.PixelPerfect", "Unity.2D.PixelPerfect.csproj", "{392FE8A8-D427-B684-4AA0-8680744DCC4D}"
EndProject
Project("{FAE04EC0-301F-11D3-BF4B-00C04F79EFBC}") = "Unity.2D.Common.Runtime", "Unity.2D.Common.Runtime.csproj", "{DC860265-9A60-A7A8-FB2F-3ED18CF09B3B}"
EndProject
Project("{FAE04EC0-301F-11D3-BF4B-00C04F79EFBC}") = "Unity.InternalAPIEngineBridge.001", "Unity.InternalAPIEngineBridge.001.csproj", "{0206EEFF-3C49-8BC9-7DA4-1274383A49CE}"
EndProject
Project("{FAE04EC0-301F-11D3-BF4B-00C04F79EFBC}") = "UnityEditor.TestRunner", "UnityEditor.TestRunner.csproj", "{C58C4BD2-CEC8-C391-DF15-3C38B5B82E20}"
EndProject
Project("{FAE04EC0-301F-11D3-BF4B-00C04F79EFBC}") = "Unity.PlasticSCM.Editor", "Unity.PlasticSCM.Editor.csproj", "{932A153C-AC44-AFEB-93D3-BC725344E1BA}"
EndProject
Project("{FAE04EC0-301F-11D3-BF4B-00C04F79EFBC}") = "Unity.2D.Animation.Triangle.Editor", "Unity.2D.Animation.Triangle.Editor.csproj", "{6BFD8761-DBA4-4218-C357-3CF5512DAB20}"
EndProject
Project("{FAE04EC0-301F-11D3-BF4B-00C04F79EFBC}") = "UnityEditor.UI", "UnityEditor.UI.csproj", "{B5CD73AC-AABB-DA19-99C2-ACABAF5E47BF}"
EndProject
Project("{FAE04EC0-301F-11D3-BF4B-00C04F79EFBC}") = "Unity.Timeline.Editor", "Unity.Timeline.Editor.csproj", "{2D72012C-85AC-BA84-E91E-5F9EC5A35683}"
EndProject
Project("{FAE04EC0-301F-11D3-BF4B-00C04F79EFBC}") = "Unity.VisualStudio.Editor", "Unity.VisualStudio.Editor.csproj", "{D870B76C-0EFB-FEE2-4EE1-1033AAF2C58D}"
EndProject
Project("{FAE04EC0-301F-11D3-BF4B-00C04F79EFBC}") = "Unity.2D.Psdimporter.Editor", "Unity.2D.Psdimporter.Editor.csproj", "{862592BD-89FE-1A2D-E39F-E19997F46E28}"
EndProject
Project("{FAE04EC0-301F-11D3-BF4B-00C04F79EFBC}") = "Unity.2D.Animation.Editor", "Unity.2D.Animation.Editor.csproj", "{886E2C8D-0BBB-1326-BC7B-91483D808220}"
EndProject
Project("{FAE04EC0-301F-11D3-BF4B-00C04F79EFBC}") = "Unity.TextMeshPro.Editor", "Unity.TextMeshPro.Editor.csproj", "{ACC695A9-5CED-E098-E116-2395FF1E1B1E}"
EndProject
Project("{FAE04EC0-301F-11D3-BF4B-00C04F79EFBC}") = "Unity.2D.SpriteShape.Editor", "Unity.2D.SpriteShape.Editor.csproj", "{C27A4C91-F33D-9FFC-ADB1-FB189B959578}"
EndProject
Project("{FAE04EC0-301F-11D3-BF4B-00C04F79EFBC}") = "PsdPlugin", "PsdPlugin.csproj", "{86535402-52B3-8987-6B8C-A32360FC94C8}"
EndProject
Project("{FAE04EC0-301F-11D3-BF4B-00C04F79EFBC}") = "Unity.2D.Path.Editor", "Unity.2D.Path.Editor.csproj", "{7A89BDCD-DE9B-A10D-5077-004A85D0513E}"
EndProject
Project("{FAE04EC0-301F-11D3-BF4B-00C04F79EFBC}") = "Unity.Rider.Editor", "Unity.Rider.Editor.csproj", "{239118A2-C492-CFF5-43BD-36219E6F92B4}"
EndProject
Project("{FAE04EC0-301F-11D3-BF4B-00C04F79EFBC}") = "Unity.2D.IK.Editor", "Unity.2D.IK.Editor.csproj", "{E0D2C5C4-0EDE-4A35-F9A1-5441886EEC7B}"
EndProject
Project("{FAE04EC0-301F-11D3-BF4B-00C04F79EFBC}") = "Unity.2D.Sprite.Editor", "Unity.2D.Sprite.Editor.csproj", "{3BF79069-AA9F-C02F-1B6B-7027620B24CF}"
EndProject
Project("{FAE04EC0-301F-11D3-BF4B-00C04F79EFBC}") = "Unity.2D.Tilemap.Editor", "Unity.2D.Tilemap.Editor.csproj", "{8DAEE1D3-5E70-DAFD-BE34-186F3F16BFB4}"
EndProject
Project("{FAE04EC0-301F-11D3-BF4B-00C04F79EFBC}") = "Unity.2D.PixelPerfect.Editor", "Unity.2D.PixelPerfect.Editor.csproj", "{B37E9719-C86B-CCF0-C3B2-8F203AFD9A1E}"
EndProject
Project("{FAE04EC0-301F-11D3-BF4B-00C04F79EFBC}") = "Unity.VSCode.Editor", "Unity.VSCode.Editor.csproj", "{483FA65E-BEB3-9035-7BF0-F649C4ECC955}"
EndProject
Project("{FAE04EC0-301F-11D3-BF4B-00C04F79EFBC}") = "Unity.2D.Common.Editor", "Unity.2D.Common.Editor.csproj", "{15EF7143-8CF1-6313-F83E-DE26F430B7B3}"
EndProject
Project("{FAE04EC0-301F-11D3-BF4B-00C04F79EFBC}") = "Unity.Mathematics.Editor", "Unity.Mathematics.Editor.csproj", "{EDA9CCCC-EB51-CDF4-87EB-24DE373ABE84}"
EndProject
Project("{FAE04EC0-301F-11D3-BF4B-00C04F79EFBC}") = "Unity.CollabProxy.Editor", "Unity.CollabProxy.Editor.csproj", "{9D0DB5A4-611C-3200-9D57-33ABC43216DF}"
EndProject
Project("{FAE04EC0-301F-11D3-BF4B-00C04F79EFBC}") = "Unity.InternalAPIEditorBridge.001", "Unity.InternalAPIEditorBridge.001.csproj", "{FAE2B8BA-B9B6-8AF8-8C99-1C4A29F7F7A7}"
EndProject
Project("{FAE04EC0-301F-11D3-BF4B-00C04F79EFBC}") = "UnityEngine.TestRunner", "UnityEngine.TestRunner.Player.csproj", "{64E3BF6D-502D-A92C-1B28-B3AB5F92A603}"
EndProject
Project("{FAE04EC0-301F-11D3-BF4B-00C04F79EFBC}") = "Unity.Mathematics", "Unity.Mathematics.Player.csproj", "{92FCCB51-6782-932B-8231-131FC93210FF}"
EndProject
Project("{FAE04EC0-301F-11D3-BF4B-00C04F79EFBC}") = "Unity.Timeline", "Unity.Timeline.Player.csproj", "{009401EB-E055-E10E-BF7F-893EB859CF03}"
EndProject
Project("{FAE04EC0-301F-11D3-BF4B-00C04F79EFBC}") = "UnityEngine.UI", "UnityEngine.UI.Player.csproj", "{E13EE373-C8E9-462B-DB80-DFCED38A037A}"
EndProject
Project("{FAE04EC0-301F-11D3-BF4B-00C04F79EFBC}") = "Unity.TextMeshPro", "Unity.TextMeshPro.Player.csproj", "{4401A338-C0CD-BBFE-785A-29C68EBE151C}"
EndProject
Project("{FAE04EC0-301F-11D3-BF4B-00C04F79EFBC}") = "Unity.2D.Animation.Runtime", "Unity.2D.Animation.Runtime.Player.csproj", "{D96B9341-26C0-2D24-F95F-324F87ED5A30}"
EndProject
Project("{FAE04EC0-301F-11D3-BF4B-00C04F79EFBC}") = "Assembly-CSharp", "Assembly-CSharp.Player.csproj", "{447F8956-DB14-E936-5365-26939C7EBED9}"
EndProject
Project("{FAE04EC0-301F-11D3-BF4B-00C04F79EFBC}") = "Unity.2D.IK.Runtime", "Unity.2D.IK.Runtime.Player.csproj", "{B3B42F5D-4ED0-8BEC-B677-7EA3E11E536B}"
EndProject
Project("{FAE04EC0-301F-11D3-BF4B-00C04F79EFBC}") = "Unity.2D.SpriteShape.Runtime", "Unity.2D.SpriteShape.Runtime.Player.csproj", "{857C075F-5B47-15C2-3CDC-1A073A5C8B3F}"
EndProject
Project("{FAE04EC0-301F-11D3-BF4B-00C04F79EFBC}") = "Unity.2D.PixelPerfect", "Unity.2D.PixelPerfect.Player.csproj", "{E356C928-A945-E40E-2F77-7D2DC9EDC727}"
EndProject
Project("{FAE04EC0-301F-11D3-BF4B-00C04F79EFBC}") = "Unity.2D.Common.Runtime", "Unity.2D.Common.Runtime.Player.csproj", "{90AD964C-AC5B-5803-366E-39D7E9891670}"
EndProject
Project("{FAE04EC0-301F-11D3-BF4B-00C04F79EFBC}") = "Unity.InternalAPIEngineBridge.001", "Unity.InternalAPIEngineBridge.001.Player.csproj", "{AA2DB65A-7FAA-7F8A-99CA-DC9A4DB00B04}"
EndProject
Global
	GlobalSection(SolutionConfigurationPlatforms) = preSolution
		Debug|Any CPU = Debug|Any CPU
		Release|Any CPU = Release|Any CPU
	EndGlobalSection
	GlobalSection(ProjectConfigurationPlatforms) = postSolution
		{CDD0AD25-8B30-03E4-7D20-CC1128C1BCF1}.Debug|Any CPU.ActiveCfg = Debug|Any CPU
		{CDD0AD25-8B30-03E4-7D20-CC1128C1BCF1}.Debug|Any CPU.Build.0 = Debug|Any CPU
		{CDD0AD25-8B30-03E4-7D20-CC1128C1BCF1}.Release|Any CPU.ActiveCfg = Release|Any CPU
		{CDD0AD25-8B30-03E4-7D20-CC1128C1BCF1}.Release|Any CPU.Build.0 = Release|Any CPU
		{4C494651-9B50-B39E-B4B7-CB9FBA9F49EB}.Debug|Any CPU.ActiveCfg = Debug|Any CPU
		{4C494651-9B50-B39E-B4B7-CB9FBA9F49EB}.Debug|Any CPU.Build.0 = Debug|Any CPU
		{4C494651-9B50-B39E-B4B7-CB9FBA9F49EB}.Release|Any CPU.ActiveCfg = Release|Any CPU
		{4C494651-9B50-B39E-B4B7-CB9FBA9F49EB}.Release|Any CPU.Build.0 = Release|Any CPU
		{9BB6C8D6-35CF-AA93-F769-6736E2A42A9B}.Debug|Any CPU.ActiveCfg = Debug|Any CPU
		{9BB6C8D6-35CF-AA93-F769-6736E2A42A9B}.Debug|Any CPU.Build.0 = Debug|Any CPU
		{9BB6C8D6-35CF-AA93-F769-6736E2A42A9B}.Release|Any CPU.ActiveCfg = Release|Any CPU
		{9BB6C8D6-35CF-AA93-F769-6736E2A42A9B}.Release|Any CPU.Build.0 = Release|Any CPU
		{42BC6AFB-06D1-C6D3-08EC-37BB27ECEF28}.Debug|Any CPU.ActiveCfg = Debug|Any CPU
		{42BC6AFB-06D1-C6D3-08EC-37BB27ECEF28}.Debug|Any CPU.Build.0 = Debug|Any CPU
		{42BC6AFB-06D1-C6D3-08EC-37BB27ECEF28}.Release|Any CPU.ActiveCfg = Release|Any CPU
		{42BC6AFB-06D1-C6D3-08EC-37BB27ECEF28}.Release|Any CPU.Build.0 = Release|Any CPU
		{368E37B6-D33F-7A3C-924B-0E530CA8D2B8}.Debug|Any CPU.ActiveCfg = Debug|Any CPU
		{368E37B6-D33F-7A3C-924B-0E530CA8D2B8}.Debug|Any CPU.Build.0 = Debug|Any CPU
		{368E37B6-D33F-7A3C-924B-0E530CA8D2B8}.Release|Any CPU.ActiveCfg = Release|Any CPU
		{368E37B6-D33F-7A3C-924B-0E530CA8D2B8}.Release|Any CPU.Build.0 = Release|Any CPU
		{D2ED50B2-2AE4-03B9-8363-651ABFF9A0C8}.Debug|Any CPU.ActiveCfg = Debug|Any CPU
		{D2ED50B2-2AE4-03B9-8363-651ABFF9A0C8}.Debug|Any CPU.Build.0 = Debug|Any CPU
		{D2ED50B2-2AE4-03B9-8363-651ABFF9A0C8}.Release|Any CPU.ActiveCfg = Release|Any CPU
		{D2ED50B2-2AE4-03B9-8363-651ABFF9A0C8}.Release|Any CPU.Build.0 = Release|Any CPU
		{8A403B6E-7256-83DC-3398-16378C4504CE}.Debug|Any CPU.ActiveCfg = Debug|Any CPU
		{8A403B6E-7256-83DC-3398-16378C4504CE}.Debug|Any CPU.Build.0 = Debug|Any CPU
		{8A403B6E-7256-83DC-3398-16378C4504CE}.Release|Any CPU.ActiveCfg = Release|Any CPU
		{8A403B6E-7256-83DC-3398-16378C4504CE}.Release|Any CPU.Build.0 = Release|Any CPU
		{6CE2627D-1012-053C-B6DF-EA40EB6CBF13}.Debug|Any CPU.ActiveCfg = Debug|Any CPU
		{6CE2627D-1012-053C-B6DF-EA40EB6CBF13}.Debug|Any CPU.Build.0 = Debug|Any CPU
		{6CE2627D-1012-053C-B6DF-EA40EB6CBF13}.Release|Any CPU.ActiveCfg = Release|Any CPU
		{6CE2627D-1012-053C-B6DF-EA40EB6CBF13}.Release|Any CPU.Build.0 = Release|Any CPU
		{B60D6376-9E06-D827-E562-954D0F955DCB}.Debug|Any CPU.ActiveCfg = Debug|Any CPU
		{B60D6376-9E06-D827-E562-954D0F955DCB}.Debug|Any CPU.Build.0 = Debug|Any CPU
		{B60D6376-9E06-D827-E562-954D0F955DCB}.Release|Any CPU.ActiveCfg = Release|Any CPU
		{B60D6376-9E06-D827-E562-954D0F955DCB}.Release|Any CPU.Build.0 = Release|Any CPU
		{392FE8A8-D427-B684-4AA0-8680744DCC4D}.Debug|Any CPU.ActiveCfg = Debug|Any CPU
		{392FE8A8-D427-B684-4AA0-8680744DCC4D}.Debug|Any CPU.Build.0 = Debug|Any CPU
		{392FE8A8-D427-B684-4AA0-8680744DCC4D}.Release|Any CPU.ActiveCfg = Release|Any CPU
		{392FE8A8-D427-B684-4AA0-8680744DCC4D}.Release|Any CPU.Build.0 = Release|Any CPU
		{DC860265-9A60-A7A8-FB2F-3ED18CF09B3B}.Debug|Any CPU.ActiveCfg = Debug|Any CPU
		{DC860265-9A60-A7A8-FB2F-3ED18CF09B3B}.Debug|Any CPU.Build.0 = Debug|Any CPU
		{DC860265-9A60-A7A8-FB2F-3ED18CF09B3B}.Release|Any CPU.ActiveCfg = Release|Any CPU
		{DC860265-9A60-A7A8-FB2F-3ED18CF09B3B}.Release|Any CPU.Build.0 = Release|Any CPU
		{0206EEFF-3C49-8BC9-7DA4-1274383A49CE}.Debug|Any CPU.ActiveCfg = Debug|Any CPU
		{0206EEFF-3C49-8BC9-7DA4-1274383A49CE}.Debug|Any CPU.Build.0 = Debug|Any CPU
		{0206EEFF-3C49-8BC9-7DA4-1274383A49CE}.Release|Any CPU.ActiveCfg = Release|Any CPU
		{0206EEFF-3C49-8BC9-7DA4-1274383A49CE}.Release|Any CPU.Build.0 = Release|Any CPU
		{C58C4BD2-CEC8-C391-DF15-3C38B5B82E20}.Debug|Any CPU.ActiveCfg = Debug|Any CPU
		{C58C4BD2-CEC8-C391-DF15-3C38B5B82E20}.Debug|Any CPU.Build.0 = Debug|Any CPU
		{C58C4BD2-CEC8-C391-DF15-3C38B5B82E20}.Release|Any CPU.ActiveCfg = Release|Any CPU
		{C58C4BD2-CEC8-C391-DF15-3C38B5B82E20}.Release|Any CPU.Build.0 = Release|Any CPU
		{932A153C-AC44-AFEB-93D3-BC725344E1BA}.Debug|Any CPU.ActiveCfg = Debug|Any CPU
		{932A153C-AC44-AFEB-93D3-BC725344E1BA}.Debug|Any CPU.Build.0 = Debug|Any CPU
		{932A153C-AC44-AFEB-93D3-BC725344E1BA}.Release|Any CPU.ActiveCfg = Release|Any CPU
		{932A153C-AC44-AFEB-93D3-BC725344E1BA}.Release|Any CPU.Build.0 = Release|Any CPU
		{6BFD8761-DBA4-4218-C357-3CF5512DAB20}.Debug|Any CPU.ActiveCfg = Debug|Any CPU
		{6BFD8761-DBA4-4218-C357-3CF5512DAB20}.Debug|Any CPU.Build.0 = Debug|Any CPU
		{6BFD8761-DBA4-4218-C357-3CF5512DAB20}.Release|Any CPU.ActiveCfg = Release|Any CPU
		{6BFD8761-DBA4-4218-C357-3CF5512DAB20}.Release|Any CPU.Build.0 = Release|Any CPU
		{B5CD73AC-AABB-DA19-99C2-ACABAF5E47BF}.Debug|Any CPU.ActiveCfg = Debug|Any CPU
		{B5CD73AC-AABB-DA19-99C2-ACABAF5E47BF}.Debug|Any CPU.Build.0 = Debug|Any CPU
		{B5CD73AC-AABB-DA19-99C2-ACABAF5E47BF}.Release|Any CPU.ActiveCfg = Release|Any CPU
		{B5CD73AC-AABB-DA19-99C2-ACABAF5E47BF}.Release|Any CPU.Build.0 = Release|Any CPU
		{2D72012C-85AC-BA84-E91E-5F9EC5A35683}.Debug|Any CPU.ActiveCfg = Debug|Any CPU
		{2D72012C-85AC-BA84-E91E-5F9EC5A35683}.Debug|Any CPU.Build.0 = Debug|Any CPU
		{2D72012C-85AC-BA84-E91E-5F9EC5A35683}.Release|Any CPU.ActiveCfg = Release|Any CPU
		{2D72012C-85AC-BA84-E91E-5F9EC5A35683}.Release|Any CPU.Build.0 = Release|Any CPU
		{D870B76C-0EFB-FEE2-4EE1-1033AAF2C58D}.Debug|Any CPU.ActiveCfg = Debug|Any CPU
		{D870B76C-0EFB-FEE2-4EE1-1033AAF2C58D}.Debug|Any CPU.Build.0 = Debug|Any CPU
		{D870B76C-0EFB-FEE2-4EE1-1033AAF2C58D}.Release|Any CPU.ActiveCfg = Release|Any CPU
		{D870B76C-0EFB-FEE2-4EE1-1033AAF2C58D}.Release|Any CPU.Build.0 = Release|Any CPU
		{862592BD-89FE-1A2D-E39F-E19997F46E28}.Debug|Any CPU.ActiveCfg = Debug|Any CPU
		{862592BD-89FE-1A2D-E39F-E19997F46E28}.Debug|Any CPU.Build.0 = Debug|Any CPU
		{862592BD-89FE-1A2D-E39F-E19997F46E28}.Release|Any CPU.ActiveCfg = Release|Any CPU
		{862592BD-89FE-1A2D-E39F-E19997F46E28}.Release|Any CPU.Build.0 = Release|Any CPU
		{886E2C8D-0BBB-1326-BC7B-91483D808220}.Debug|Any CPU.ActiveCfg = Debug|Any CPU
		{886E2C8D-0BBB-1326-BC7B-91483D808220}.Debug|Any CPU.Build.0 = Debug|Any CPU
		{886E2C8D-0BBB-1326-BC7B-91483D808220}.Release|Any CPU.ActiveCfg = Release|Any CPU
		{886E2C8D-0BBB-1326-BC7B-91483D808220}.Release|Any CPU.Build.0 = Release|Any CPU
		{ACC695A9-5CED-E098-E116-2395FF1E1B1E}.Debug|Any CPU.ActiveCfg = Debug|Any CPU
		{ACC695A9-5CED-E098-E116-2395FF1E1B1E}.Debug|Any CPU.Build.0 = Debug|Any CPU
		{ACC695A9-5CED-E098-E116-2395FF1E1B1E}.Release|Any CPU.ActiveCfg = Release|Any CPU
		{ACC695A9-5CED-E098-E116-2395FF1E1B1E}.Release|Any CPU.Build.0 = Release|Any CPU
		{C27A4C91-F33D-9FFC-ADB1-FB189B959578}.Debug|Any CPU.ActiveCfg = Debug|Any CPU
		{C27A4C91-F33D-9FFC-ADB1-FB189B959578}.Debug|Any CPU.Build.0 = Debug|Any CPU
		{C27A4C91-F33D-9FFC-ADB1-FB189B959578}.Release|Any CPU.ActiveCfg = Release|Any CPU
		{C27A4C91-F33D-9FFC-ADB1-FB189B959578}.Release|Any CPU.Build.0 = Release|Any CPU
		{86535402-52B3-8987-6B8C-A32360FC94C8}.Debug|Any CPU.ActiveCfg = Debug|Any CPU
		{86535402-52B3-8987-6B8C-A32360FC94C8}.Debug|Any CPU.Build.0 = Debug|Any CPU
		{86535402-52B3-8987-6B8C-A32360FC94C8}.Release|Any CPU.ActiveCfg = Release|Any CPU
		{86535402-52B3-8987-6B8C-A32360FC94C8}.Release|Any CPU.Build.0 = Release|Any CPU
		{7A89BDCD-DE9B-A10D-5077-004A85D0513E}.Debug|Any CPU.ActiveCfg = Debug|Any CPU
		{7A89BDCD-DE9B-A10D-5077-004A85D0513E}.Debug|Any CPU.Build.0 = Debug|Any CPU
		{7A89BDCD-DE9B-A10D-5077-004A85D0513E}.Release|Any CPU.ActiveCfg = Release|Any CPU
		{7A89BDCD-DE9B-A10D-5077-004A85D0513E}.Release|Any CPU.Build.0 = Release|Any CPU
		{239118A2-C492-CFF5-43BD-36219E6F92B4}.Debug|Any CPU.ActiveCfg = Debug|Any CPU
		{239118A2-C492-CFF5-43BD-36219E6F92B4}.Debug|Any CPU.Build.0 = Debug|Any CPU
		{239118A2-C492-CFF5-43BD-36219E6F92B4}.Release|Any CPU.ActiveCfg = Release|Any CPU
		{239118A2-C492-CFF5-43BD-36219E6F92B4}.Release|Any CPU.Build.0 = Release|Any CPU
		{E0D2C5C4-0EDE-4A35-F9A1-5441886EEC7B}.Debug|Any CPU.ActiveCfg = Debug|Any CPU
		{E0D2C5C4-0EDE-4A35-F9A1-5441886EEC7B}.Debug|Any CPU.Build.0 = Debug|Any CPU
		{E0D2C5C4-0EDE-4A35-F9A1-5441886EEC7B}.Release|Any CPU.ActiveCfg = Release|Any CPU
		{E0D2C5C4-0EDE-4A35-F9A1-5441886EEC7B}.Release|Any CPU.Build.0 = Release|Any CPU
		{3BF79069-AA9F-C02F-1B6B-7027620B24CF}.Debug|Any CPU.ActiveCfg = Debug|Any CPU
		{3BF79069-AA9F-C02F-1B6B-7027620B24CF}.Debug|Any CPU.Build.0 = Debug|Any CPU
		{3BF79069-AA9F-C02F-1B6B-7027620B24CF}.Release|Any CPU.ActiveCfg = Release|Any CPU
		{3BF79069-AA9F-C02F-1B6B-7027620B24CF}.Release|Any CPU.Build.0 = Release|Any CPU
		{8DAEE1D3-5E70-DAFD-BE34-186F3F16BFB4}.Debug|Any CPU.ActiveCfg = Debug|Any CPU
		{8DAEE1D3-5E70-DAFD-BE34-186F3F16BFB4}.Debug|Any CPU.Build.0 = Debug|Any CPU
		{8DAEE1D3-5E70-DAFD-BE34-186F3F16BFB4}.Release|Any CPU.ActiveCfg = Release|Any CPU
		{8DAEE1D3-5E70-DAFD-BE34-186F3F16BFB4}.Release|Any CPU.Build.0 = Release|Any CPU
		{B37E9719-C86B-CCF0-C3B2-8F203AFD9A1E}.Debug|Any CPU.ActiveCfg = Debug|Any CPU
		{B37E9719-C86B-CCF0-C3B2-8F203AFD9A1E}.Debug|Any CPU.Build.0 = Debug|Any CPU
		{B37E9719-C86B-CCF0-C3B2-8F203AFD9A1E}.Release|Any CPU.ActiveCfg = Release|Any CPU
		{B37E9719-C86B-CCF0-C3B2-8F203AFD9A1E}.Release|Any CPU.Build.0 = Release|Any CPU
		{483FA65E-BEB3-9035-7BF0-F649C4ECC955}.Debug|Any CPU.ActiveCfg = Debug|Any CPU
		{483FA65E-BEB3-9035-7BF0-F649C4ECC955}.Debug|Any CPU.Build.0 = Debug|Any CPU
		{483FA65E-BEB3-9035-7BF0-F649C4ECC955}.Release|Any CPU.ActiveCfg = Release|Any CPU
		{483FA65E-BEB3-9035-7BF0-F649C4ECC955}.Release|Any CPU.Build.0 = Release|Any CPU
		{15EF7143-8CF1-6313-F83E-DE26F430B7B3}.Debug|Any CPU.ActiveCfg = Debug|Any CPU
		{15EF7143-8CF1-6313-F83E-DE26F430B7B3}.Debug|Any CPU.Build.0 = Debug|Any CPU
		{15EF7143-8CF1-6313-F83E-DE26F430B7B3}.Release|Any CPU.ActiveCfg = Release|Any CPU
		{15EF7143-8CF1-6313-F83E-DE26F430B7B3}.Release|Any CPU.Build.0 = Release|Any CPU
		{EDA9CCCC-EB51-CDF4-87EB-24DE373ABE84}.Debug|Any CPU.ActiveCfg = Debug|Any CPU
		{EDA9CCCC-EB51-CDF4-87EB-24DE373ABE84}.Debug|Any CPU.Build.0 = Debug|Any CPU
		{EDA9CCCC-EB51-CDF4-87EB-24DE373ABE84}.Release|Any CPU.ActiveCfg = Release|Any CPU
		{EDA9CCCC-EB51-CDF4-87EB-24DE373ABE84}.Release|Any CPU.Build.0 = Release|Any CPU
		{9D0DB5A4-611C-3200-9D57-33ABC43216DF}.Debug|Any CPU.ActiveCfg = Debug|Any CPU
		{9D0DB5A4-611C-3200-9D57-33ABC43216DF}.Debug|Any CPU.Build.0 = Debug|Any CPU
		{9D0DB5A4-611C-3200-9D57-33ABC43216DF}.Release|Any CPU.ActiveCfg = Release|Any CPU
		{9D0DB5A4-611C-3200-9D57-33ABC43216DF}.Release|Any CPU.Build.0 = Release|Any CPU
		{FAE2B8BA-B9B6-8AF8-8C99-1C4A29F7F7A7}.Debug|Any CPU.ActiveCfg = Debug|Any CPU
		{FAE2B8BA-B9B6-8AF8-8C99-1C4A29F7F7A7}.Debug|Any CPU.Build.0 = Debug|Any CPU
		{FAE2B8BA-B9B6-8AF8-8C99-1C4A29F7F7A7}.Release|Any CPU.ActiveCfg = Release|Any CPU
		{FAE2B8BA-B9B6-8AF8-8C99-1C4A29F7F7A7}.Release|Any CPU.Build.0 = Release|Any CPU
		{64E3BF6D-502D-A92C-1B28-B3AB5F92A603}.Debug|Any CPU.ActiveCfg = Debug|Any CPU
		{64E3BF6D-502D-A92C-1B28-B3AB5F92A603}.Debug|Any CPU.Build.0 = Debug|Any CPU
		{64E3BF6D-502D-A92C-1B28-B3AB5F92A603}.Release|Any CPU.ActiveCfg = Release|Any CPU
		{64E3BF6D-502D-A92C-1B28-B3AB5F92A603}.Release|Any CPU.Build.0 = Release|Any CPU
		{92FCCB51-6782-932B-8231-131FC93210FF}.Debug|Any CPU.ActiveCfg = Debug|Any CPU
		{92FCCB51-6782-932B-8231-131FC93210FF}.Debug|Any CPU.Build.0 = Debug|Any CPU
		{92FCCB51-6782-932B-8231-131FC93210FF}.Release|Any CPU.ActiveCfg = Release|Any CPU
		{92FCCB51-6782-932B-8231-131FC93210FF}.Release|Any CPU.Build.0 = Release|Any CPU
		{009401EB-E055-E10E-BF7F-893EB859CF03}.Debug|Any CPU.ActiveCfg = Debug|Any CPU
		{009401EB-E055-E10E-BF7F-893EB859CF03}.Debug|Any CPU.Build.0 = Debug|Any CPU
		{009401EB-E055-E10E-BF7F-893EB859CF03}.Release|Any CPU.ActiveCfg = Release|Any CPU
		{009401EB-E055-E10E-BF7F-893EB859CF03}.Release|Any CPU.Build.0 = Release|Any CPU
		{E13EE373-C8E9-462B-DB80-DFCED38A037A}.Debug|Any CPU.ActiveCfg = Debug|Any CPU
		{E13EE373-C8E9-462B-DB80-DFCED38A037A}.Debug|Any CPU.Build.0 = Debug|Any CPU
		{E13EE373-C8E9-462B-DB80-DFCED38A037A}.Release|Any CPU.ActiveCfg = Release|Any CPU
		{E13EE373-C8E9-462B-DB80-DFCED38A037A}.Release|Any CPU.Build.0 = Release|Any CPU
		{4401A338-C0CD-BBFE-785A-29C68EBE151C}.Debug|Any CPU.ActiveCfg = Debug|Any CPU
		{4401A338-C0CD-BBFE-785A-29C68EBE151C}.Debug|Any CPU.Build.0 = Debug|Any CPU
		{4401A338-C0CD-BBFE-785A-29C68EBE151C}.Release|Any CPU.ActiveCfg = Release|Any CPU
		{4401A338-C0CD-BBFE-785A-29C68EBE151C}.Release|Any CPU.Build.0 = Release|Any CPU
		{D96B9341-26C0-2D24-F95F-324F87ED5A30}.Debug|Any CPU.ActiveCfg = Debug|Any CPU
		{D96B9341-26C0-2D24-F95F-324F87ED5A30}.Debug|Any CPU.Build.0 = Debug|Any CPU
		{D96B9341-26C0-2D24-F95F-324F87ED5A30}.Release|Any CPU.ActiveCfg = Release|Any CPU
		{D96B9341-26C0-2D24-F95F-324F87ED5A30}.Release|Any CPU.Build.0 = Release|Any CPU
		{447F8956-DB14-E936-5365-26939C7EBED9}.Debug|Any CPU.ActiveCfg = Debug|Any CPU
		{447F8956-DB14-E936-5365-26939C7EBED9}.Debug|Any CPU.Build.0 = Debug|Any CPU
		{447F8956-DB14-E936-5365-26939C7EBED9}.Release|Any CPU.ActiveCfg = Release|Any CPU
		{447F8956-DB14-E936-5365-26939C7EBED9}.Release|Any CPU.Build.0 = Release|Any CPU
		{B3B42F5D-4ED0-8BEC-B677-7EA3E11E536B}.Debug|Any CPU.ActiveCfg = Debug|Any CPU
		{B3B42F5D-4ED0-8BEC-B677-7EA3E11E536B}.Debug|Any CPU.Build.0 = Debug|Any CPU
		{B3B42F5D-4ED0-8BEC-B677-7EA3E11E536B}.Release|Any CPU.ActiveCfg = Release|Any CPU
		{B3B42F5D-4ED0-8BEC-B677-7EA3E11E536B}.Release|Any CPU.Build.0 = Release|Any CPU
		{857C075F-5B47-15C2-3CDC-1A073A5C8B3F}.Debug|Any CPU.ActiveCfg = Debug|Any CPU
		{857C075F-5B47-15C2-3CDC-1A073A5C8B3F}.Debug|Any CPU.Build.0 = Debug|Any CPU
		{857C075F-5B47-15C2-3CDC-1A073A5C8B3F}.Release|Any CPU.ActiveCfg = Release|Any CPU
		{857C075F-5B47-15C2-3CDC-1A073A5C8B3F}.Release|Any CPU.Build.0 = Release|Any CPU
		{E356C928-A945-E40E-2F77-7D2DC9EDC727}.Debug|Any CPU.ActiveCfg = Debug|Any CPU
		{E356C928-A945-E40E-2F77-7D2DC9EDC727}.Debug|Any CPU.Build.0 = Debug|Any CPU
		{E356C928-A945-E40E-2F77-7D2DC9EDC727}.Release|Any CPU.ActiveCfg = Release|Any CPU
		{E356C928-A945-E40E-2F77-7D2DC9EDC727}.Release|Any CPU.Build.0 = Release|Any CPU
		{90AD964C-AC5B-5803-366E-39D7E9891670}.Debug|Any CPU.ActiveCfg = Debug|Any CPU
		{90AD964C-AC5B-5803-366E-39D7E9891670}.Debug|Any CPU.Build.0 = Debug|Any CPU
		{90AD964C-AC5B-5803-366E-39D7E9891670}.Release|Any CPU.ActiveCfg = Release|Any CPU
		{90AD964C-AC5B-5803-366E-39D7E9891670}.Release|Any CPU.Build.0 = Release|Any CPU
		{AA2DB65A-7FAA-7F8A-99CA-DC9A4DB00B04}.Debug|Any CPU.ActiveCfg = Debug|Any CPU
		{AA2DB65A-7FAA-7F8A-99CA-DC9A4DB00B04}.Debug|Any CPU.Build.0 = Debug|Any CPU
		{AA2DB65A-7FAA-7F8A-99CA-DC9A4DB00B04}.Release|Any CPU.ActiveCfg = Release|Any CPU
		{AA2DB65A-7FAA-7F8A-99CA-DC9A4DB00B04}.Release|Any CPU.Build.0 = Release|Any CPU
	EndGlobalSection
	GlobalSection(SolutionProperties) = preSolution
		HideSolutionNode = FALSE
	EndGlobalSection
EndGlobal
